
Microsoft Visual Studio Solution File, Format Version 12.00
# Visual Studio Version 17
VisualStudioVersion = 17.6.33801.468
MinimumVisualStudioVersion = 10.0.40219.1
Project("{9A19103F-16F7-4668-BE54-9A1E7A4F7556}") = "ClothesMagazine", "ClothesMagazine.csproj", "{D7A618F8-5186-4901-9D77-76DE487D5FDF}"
EndProject
Global
	GlobalSection(SolutionConfigurationPlatforms) = preSolution
		Debug|Any CPU = Debug|Any CPU
		Release|Any CPU = Release|Any CPU
	EndGlobalSection
	GlobalSection(ProjectConfigurationPlatforms) = postSolution
		{D7A618F8-5186-4901-9D77-76DE487D5FDF}.Debug|Any CPU.ActiveCfg = Debug|Any CPU
		{D7A618F8-5186-4901-9D77-76DE487D5FDF}.Debug|Any CPU.Build.0 = Debug|Any CPU
		{D7A618F8-5186-4901-9D77-76DE487D5FDF}.Release|Any CPU.ActiveCfg = Release|Any CPU
		{D7A618F8-5186-4901-9D77-76DE487D5FDF}.Release|Any CPU.Build.0 = Release|Any CPU
	EndGlobalSection
	GlobalSection(SolutionProperties) = preSolution
		HideSolutionNode = FALSE
	EndGlobalSection
	GlobalSection(ExtensibilityGlobals) = postSolution
		SolutionGuid = {3CF685F8-8467-4DAE-82C1-1B9B44558873}
	EndGlobalSection
EndGlobal
