
Microsoft Visual Studio Solution File, Format Version 12.00
# Visual Studio Version 17
VisualStudioVersion = 17.6.33801.468
MinimumVisualStudioVersion = 10.0.40219.1
Project("{9A19103F-16F7-4668-BE54-9A1E7A4F7556}") = "ImplementingListStackAndQueue", "ImplementingListStackAndQueue.csproj", "{EC808759-701B-42F6-910D-FD92490AF012}"
EndProject
Global
	GlobalSection(SolutionConfigurationPlatforms) = preSolution
		Debug|Any CPU = Debug|Any CPU
		Release|Any CPU = Release|Any CPU
	EndGlobalSection
	GlobalSection(ProjectConfigurationPlatforms) = postSolution
		{EC808759-701B-42F6-910D-FD92490AF012}.Debug|Any CPU.ActiveCfg = Debug|Any CPU
		{EC808759-701B-42F6-910D-FD92490AF012}.Debug|Any CPU.Build.0 = Debug|Any CPU
		{EC808759-701B-42F6-910D-FD92490AF012}.Release|Any CPU.ActiveCfg = Release|Any CPU
		{EC808759-701B-42F6-910D-FD92490AF012}.Release|Any CPU.Build.0 = Release|Any CPU
	EndGlobalSection
	GlobalSection(SolutionProperties) = preSolution
		HideSolutionNode = FALSE
	EndGlobalSection
	GlobalSection(ExtensibilityGlobals) = postSolution
		SolutionGuid = {F3EF80EF-5D1A-4F70-B45E-170024911A61}
	EndGlobalSection
EndGlobal
