
Microsoft Visual Studio Solution File, Format Version 12.00
# Visual Studio Version 17
VisualStudioVersion = 17.6.33801.468
MinimumVisualStudioVersion = 10.0.40219.1
Project("{FAE04EC0-301F-11D3-BF4B-00C04F79EFBC}") = "01.BakeryShop", "01.BakeryShop\01.BakeryShop.csproj", "{6B9BBDAA-4FCA-4DF3-8188-6DAC803AA274}"
EndProject
Project("{FAE04EC0-301F-11D3-BF4B-00C04F79EFBC}") = "02.BeaverAtWork", "02.BeaverAtWork\02.BeaverAtWork.csproj", "{CCF6BAFC-AE44-47A8-AFFC-FEC6F010E041}"
EndProject
Global
	GlobalSection(SolutionConfigurationPlatforms) = preSolution
		Debug|Any CPU = Debug|Any CPU
		Release|Any CPU = Release|Any CPU
	EndGlobalSection
	GlobalSection(ProjectConfigurationPlatforms) = postSolution
		{6B9BBDAA-4FCA-4DF3-8188-6DAC803AA274}.Debug|Any CPU.ActiveCfg = Debug|Any CPU
		{6B9BBDAA-4FCA-4DF3-8188-6DAC803AA274}.Debug|Any CPU.Build.0 = Debug|Any CPU
		{6B9BBDAA-4FCA-4DF3-8188-6DAC803AA274}.Release|Any CPU.ActiveCfg = Release|Any CPU
		{6B9BBDAA-4FCA-4DF3-8188-6DAC803AA274}.Release|Any CPU.Build.0 = Release|Any CPU
		{CCF6BAFC-AE44-47A8-AFFC-FEC6F010E041}.Debug|Any CPU.ActiveCfg = Debug|Any CPU
		{CCF6BAFC-AE44-47A8-AFFC-FEC6F010E041}.Debug|Any CPU.Build.0 = Debug|Any CPU
		{CCF6BAFC-AE44-47A8-AFFC-FEC6F010E041}.Release|Any CPU.ActiveCfg = Release|Any CPU
		{CCF6BAFC-AE44-47A8-AFFC-FEC6F010E041}.Release|Any CPU.Build.0 = Release|Any CPU
	EndGlobalSection
	GlobalSection(SolutionProperties) = preSolution
		HideSolutionNode = FALSE
	EndGlobalSection
	GlobalSection(ExtensibilityGlobals) = postSolution
		SolutionGuid = {F757A93F-1849-476C-BF27-E32E0372678F}
	EndGlobalSection
EndGlobal
