
Microsoft Visual Studio Solution File, Format Version 12.00
# Visual Studio Version 17
VisualStudioVersion = 17.6.33801.468
MinimumVisualStudioVersion = 10.0.40219.1
Project("{9A19103F-16F7-4668-BE54-9A1E7A4F7556}") = "01.ClimbThePeaks", "01.ClimbThePeaks.csproj", "{C3D90A38-41DD-4506-993E-478EA3A9F187}"
EndProject
Global
	GlobalSection(SolutionConfigurationPlatforms) = preSolution
		Debug|Any CPU = Debug|Any CPU
		Release|Any CPU = Release|Any CPU
	EndGlobalSection
	GlobalSection(ProjectConfigurationPlatforms) = postSolution
		{C3D90A38-41DD-4506-993E-478EA3A9F187}.Debug|Any CPU.ActiveCfg = Debug|Any CPU
		{C3D90A38-41DD-4506-993E-478EA3A9F187}.Debug|Any CPU.Build.0 = Debug|Any CPU
		{C3D90A38-41DD-4506-993E-478EA3A9F187}.Release|Any CPU.ActiveCfg = Release|Any CPU
		{C3D90A38-41DD-4506-993E-478EA3A9F187}.Release|Any CPU.Build.0 = Release|Any CPU
	EndGlobalSection
	GlobalSection(SolutionProperties) = preSolution
		HideSolutionNode = FALSE
	EndGlobalSection
	GlobalSection(ExtensibilityGlobals) = postSolution
		SolutionGuid = {FECDCD8B-4E7E-4E2E-ABA6-B9E1F471931F}
	EndGlobalSection
EndGlobal
