
Microsoft Visual Studio Solution File, Format Version 12.00
# Visual Studio Version 17
VisualStudioVersion = 17.6.33801.468
MinimumVisualStudioVersion = 10.0.40219.1
Project("{9A19103F-16F7-4668-BE54-9A1E7A4F7556}") = "Desktop - MouseInTheKitchen", "Desktop - MouseInTheKitchen.csproj", "{1C599B25-049E-434F-83DE-BC1B7D75529D}"
EndProject
Global
	GlobalSection(SolutionConfigurationPlatforms) = preSolution
		Debug|Any CPU = Debug|Any CPU
		Release|Any CPU = Release|Any CPU
	EndGlobalSection
	GlobalSection(ProjectConfigurationPlatforms) = postSolution
		{1C599B25-049E-434F-83DE-BC1B7D75529D}.Debug|Any CPU.ActiveCfg = Debug|Any CPU
		{1C599B25-049E-434F-83DE-BC1B7D75529D}.Debug|Any CPU.Build.0 = Debug|Any CPU
		{1C599B25-049E-434F-83DE-BC1B7D75529D}.Release|Any CPU.ActiveCfg = Release|Any CPU
		{1C599B25-049E-434F-83DE-BC1B7D75529D}.Release|Any CPU.Build.0 = Release|Any CPU
	EndGlobalSection
	GlobalSection(SolutionProperties) = preSolution
		HideSolutionNode = FALSE
	EndGlobalSection
	GlobalSection(ExtensibilityGlobals) = postSolution
		SolutionGuid = {17BF6000-F7FE-437A-9068-6FD1AD5D209E}
	EndGlobalSection
EndGlobal
